
Microsoft Visual Studio Solution File, Format Version 12.00
# Visual Studio Version 17
VisualStudioVersion = 17.7.34009.444
MinimumVisualStudioVersion = 10.0.40219.1
Project("{FAE04EC0-301F-11D3-BF4B-00C04F79EFBC}") = "DataAccess", "DataAccess\DataAccess.csproj", "{6B81DBBE-CE54-4641-ABE1-658E396DB532}"
EndProject
Project("{FAE04EC0-301F-11D3-BF4B-00C04F79EFBC}") = "Business", "Business\Business.csproj", "{D7F5081C-1085-42DA-AB82-D797C33A0163}"
EndProject
Project("{FAE04EC0-301F-11D3-BF4B-00C04F79EFBC}") = "Entities", "Entities\Entities.csproj", "{777B9293-BC63-4866-8BCA-CA54D9B4397F}"
EndProject
Project("{FAE04EC0-301F-11D3-BF4B-00C04F79EFBC}") = "ConsoleUI", "ConsoleUI\ConsoleUI.csproj", "{2B1DE641-2E17-4F66-BE01-EA69555CF3D6}"
EndProject
Global
	GlobalSection(SolutionConfigurationPlatforms) = preSolution
		Debug|Any CPU = Debug|Any CPU
		Release|Any CPU = Release|Any CPU
	EndGlobalSection
	GlobalSection(ProjectConfigurationPlatforms) = postSolution
		{6B81DBBE-CE54-4641-ABE1-658E396DB532}.Debug|Any CPU.ActiveCfg = Debug|Any CPU
		{6B81DBBE-CE54-4641-ABE1-658E396DB532}.Debug|Any CPU.Build.0 = Debug|Any CPU
		{6B81DBBE-CE54-4641-ABE1-658E396DB532}.Release|Any CPU.ActiveCfg = Release|Any CPU
		{6B81DBBE-CE54-4641-ABE1-658E396DB532}.Release|Any CPU.Build.0 = Release|Any CPU
		{D7F5081C-1085-42DA-AB82-D797C33A0163}.Debug|Any CPU.ActiveCfg = Debug|Any CPU
		{D7F5081C-1085-42DA-AB82-D797C33A0163}.Debug|Any CPU.Build.0 = Debug|Any CPU
		{D7F5081C-1085-42DA-AB82-D797C33A0163}.Release|Any CPU.ActiveCfg = Release|Any CPU
		{D7F5081C-1085-42DA-AB82-D797C33A0163}.Release|Any CPU.Build.0 = Release|Any CPU
		{777B9293-BC63-4866-8BCA-CA54D9B4397F}.Debug|Any CPU.ActiveCfg = Debug|Any CPU
		{777B9293-BC63-4866-8BCA-CA54D9B4397F}.Debug|Any CPU.Build.0 = Debug|Any CPU
		{777B9293-BC63-4866-8BCA-CA54D9B4397F}.Release|Any CPU.ActiveCfg = Release|Any CPU
		{777B9293-BC63-4866-8BCA-CA54D9B4397F}.Release|Any CPU.Build.0 = Release|Any CPU
		{2B1DE641-2E17-4F66-BE01-EA69555CF3D6}.Debug|Any CPU.ActiveCfg = Debug|Any CPU
		{2B1DE641-2E17-4F66-BE01-EA69555CF3D6}.Debug|Any CPU.Build.0 = Debug|Any CPU
		{2B1DE641-2E17-4F66-BE01-EA69555CF3D6}.Release|Any CPU.ActiveCfg = Release|Any CPU
		{2B1DE641-2E17-4F66-BE01-EA69555CF3D6}.Release|Any CPU.Build.0 = Release|Any CPU
	EndGlobalSection
	GlobalSection(SolutionProperties) = preSolution
		HideSolutionNode = FALSE
	EndGlobalSection
	GlobalSection(ExtensibilityGlobals) = postSolution
		SolutionGuid = {9C880441-361A-480B-B5AE-8D6C90D3734C}
	EndGlobalSection
EndGlobal
